
Microsoft Visual Studio Solution File, Format Version 11.00
# Visual Studio 2010
Project("{8BC9CEB8-8B4A-11D0-8D11-00A0C91BC942}") = "wpl.vs", "..\src\wpl.vs.vcxproj", "{120FA1C6-37AA-42CE-B922-346BF91EEC0F}"
EndProject
Project("{8BC9CEB8-8B4A-11D0-8D11-00A0C91BC942}") = "agge", "..\libraries\agge\src\agge\agge.vcxproj", "{F849E92C-248A-46B2-9EAB-F86578A21316}"
EndProject
Project("{8BC9CEB8-8B4A-11D0-8D11-00A0C91BC942}") = "agge.text", "..\libraries\agge\src\agge.text\agge.text.vcxproj", "{4B446510-FA62-AD02-51BA-9BDE9564FF26}"
EndProject
Project("{8BC9CEB8-8B4A-11D0-8D11-00A0C91BC942}") = "wpl", "..\libraries\wpl\src\wpl.vcxproj", "{2423F23A-B689-F3F7-A864-A1729EC337C9}"
EndProject
Project("{2150E333-8FDC-42A3-9474-1A3956D46DE8}") = "libraries", "libraries", "{47A78D3D-CB69-4D80-9803-70E783FA078B}"
EndProject
Project("{2150E333-8FDC-42A3-9474-1A3956D46DE8}") = "samples", "samples", "{673092C8-60DF-4D9A-9BF2-FDBF4A72906E}"
EndProject
Project("{2150E333-8FDC-42A3-9474-1A3956D46DE8}") = "tests", "tests", "{F746E934-D8CF-4025-9DE4-1907EC04881B}"
EndProject
Project("{8BC9CEB8-8B4A-11D0-8D11-00A0C91BC942}") = "wpl.vs.tests", "..\tests\wpl.vs.tests.vcxproj", "{3176CA4F-5051-4010-836A-E2A6CABE6FC8}"
EndProject
Project("{8BC9CEB8-8B4A-11D0-8D11-00A0C91BC942}") = "utee", "..\libraries\utee\make\utee.vcxproj", "{4DB73ACE-2D47-4A6C-8213-2BE191DD921F}"
EndProject
Project("{2150E333-8FDC-42A3-9474-1A3956D46DE8}") = "tools", "tools", "{F2EE5DA5-160E-46A3-93C2-3752D04B5A29}"
EndProject
Project("{8BC9CEB8-8B4A-11D0-8D11-00A0C91BC942}") = "utee-runner", "..\libraries\utee\make\utee-runner.vcxproj", "{AD0BA725-9F6F-474E-ADB0-1F506B1CD394}"
EndProject
Project("{8BC9CEB8-8B4A-11D0-8D11-00A0C91BC942}") = "styles-discover", "..\samples\styles-discover\styles-discover.vcxproj", "{D5D49128-2510-4A14-9A0F-9F8F0ABAD700}"
EndProject
Project("{8BC9CEB8-8B4A-11D0-8D11-00A0C91BC942}") = "styles-discover.ui", "..\samples\styles-discover\styles-discover.ui.vcxproj", "{2C92625C-113C-4C9A-A3A3-CB74589D04BC}"
EndProject
Project("{8BC9CEB8-8B4A-11D0-8D11-00A0C91BC942}") = "freetype2", "..\libraries\freetype2\builds\windows\vc2010\freetype2.vcxproj", "{78B079BD-9FC7-4B9E-B4A6-96DA0F00248B}"
EndProject
Global
	GlobalSection(SolutionConfigurationPlatforms) = preSolution
		Debug|Win32 = Debug|Win32
		Release|Win32 = Release|Win32
	EndGlobalSection
	GlobalSection(ProjectConfigurationPlatforms) = postSolution
		{120FA1C6-37AA-42CE-B922-346BF91EEC0F}.Debug|Win32.ActiveCfg = Debug|Win32
		{120FA1C6-37AA-42CE-B922-346BF91EEC0F}.Debug|Win32.Build.0 = Debug|Win32
		{120FA1C6-37AA-42CE-B922-346BF91EEC0F}.Release|Win32.ActiveCfg = Release|Win32
		{120FA1C6-37AA-42CE-B922-346BF91EEC0F}.Release|Win32.Build.0 = Release|Win32
		{F849E92C-248A-46B2-9EAB-F86578A21316}.Debug|Win32.ActiveCfg = Debug|Win32
		{F849E92C-248A-46B2-9EAB-F86578A21316}.Debug|Win32.Build.0 = Debug|Win32
		{F849E92C-248A-46B2-9EAB-F86578A21316}.Release|Win32.ActiveCfg = Release|Win32
		{F849E92C-248A-46B2-9EAB-F86578A21316}.Release|Win32.Build.0 = Release|Win32
		{4B446510-FA62-AD02-51BA-9BDE9564FF26}.Debug|Win32.ActiveCfg = Debug|Win32
		{4B446510-FA62-AD02-51BA-9BDE9564FF26}.Debug|Win32.Build.0 = Debug|Win32
		{4B446510-FA62-AD02-51BA-9BDE9564FF26}.Release|Win32.ActiveCfg = Release|Win32
		{4B446510-FA62-AD02-51BA-9BDE9564FF26}.Release|Win32.Build.0 = Release|Win32
		{2423F23A-B689-F3F7-A864-A1729EC337C9}.Debug|Win32.ActiveCfg = Debug|Win32
		{2423F23A-B689-F3F7-A864-A1729EC337C9}.Debug|Win32.Build.0 = Debug|Win32
		{2423F23A-B689-F3F7-A864-A1729EC337C9}.Release|Win32.ActiveCfg = Release|Win32
		{2423F23A-B689-F3F7-A864-A1729EC337C9}.Release|Win32.Build.0 = Release|Win32
		{3176CA4F-5051-4010-836A-E2A6CABE6FC8}.Debug|Win32.ActiveCfg = Debug|Win32
		{3176CA4F-5051-4010-836A-E2A6CABE6FC8}.Debug|Win32.Build.0 = Debug|Win32
		{3176CA4F-5051-4010-836A-E2A6CABE6FC8}.Release|Win32.ActiveCfg = Release|Win32
		{3176CA4F-5051-4010-836A-E2A6CABE6FC8}.Release|Win32.Build.0 = Release|Win32
		{4DB73ACE-2D47-4A6C-8213-2BE191DD921F}.Debug|Win32.ActiveCfg = Debug|Win32
		{4DB73ACE-2D47-4A6C-8213-2BE191DD921F}.Debug|Win32.Build.0 = Debug|Win32
		{4DB73ACE-2D47-4A6C-8213-2BE191DD921F}.Release|Win32.ActiveCfg = Release|Win32
		{4DB73ACE-2D47-4A6C-8213-2BE191DD921F}.Release|Win32.Build.0 = Release|Win32
		{AD0BA725-9F6F-474E-ADB0-1F506B1CD394}.Debug|Win32.ActiveCfg = Debug|Win32
		{AD0BA725-9F6F-474E-ADB0-1F506B1CD394}.Debug|Win32.Build.0 = Debug|Win32
		{AD0BA725-9F6F-474E-ADB0-1F506B1CD394}.Release|Win32.ActiveCfg = Release|Win32
		{AD0BA725-9F6F-474E-ADB0-1F506B1CD394}.Release|Win32.Build.0 = Release|Win32
		{D5D49128-2510-4A14-9A0F-9F8F0ABAD700}.Debug|Win32.ActiveCfg = Debug|Win32
		{D5D49128-2510-4A14-9A0F-9F8F0ABAD700}.Debug|Win32.Build.0 = Debug|Win32
		{D5D49128-2510-4A14-9A0F-9F8F0ABAD700}.Release|Win32.ActiveCfg = Release|Win32
		{D5D49128-2510-4A14-9A0F-9F8F0ABAD700}.Release|Win32.Build.0 = Release|Win32
		{2C92625C-113C-4C9A-A3A3-CB74589D04BC}.Debug|Win32.ActiveCfg = Debug|Win32
		{2C92625C-113C-4C9A-A3A3-CB74589D04BC}.Debug|Win32.Build.0 = Debug|Win32
		{2C92625C-113C-4C9A-A3A3-CB74589D04BC}.Release|Win32.ActiveCfg = Release|Win32
		{2C92625C-113C-4C9A-A3A3-CB74589D04BC}.Release|Win32.Build.0 = Release|Win32
		{78B079BD-9FC7-4B9E-B4A6-96DA0F00248B}.Debug|Win32.ActiveCfg = Debug|Win32
		{78B079BD-9FC7-4B9E-B4A6-96DA0F00248B}.Debug|Win32.Build.0 = Debug|Win32
		{78B079BD-9FC7-4B9E-B4A6-96DA0F00248B}.Release|Win32.ActiveCfg = Release|Win32
		{78B079BD-9FC7-4B9E-B4A6-96DA0F00248B}.Release|Win32.Build.0 = Release|Win32
	EndGlobalSection
	GlobalSection(SolutionProperties) = preSolution
		HideSolutionNode = FALSE
	EndGlobalSection
	GlobalSection(NestedProjects) = preSolution
		{4B446510-FA62-AD02-51BA-9BDE9564FF26} = {47A78D3D-CB69-4D80-9803-70E783FA078B}
		{2423F23A-B689-F3F7-A864-A1729EC337C9} = {47A78D3D-CB69-4D80-9803-70E783FA078B}
		{F849E92C-248A-46B2-9EAB-F86578A21316} = {47A78D3D-CB69-4D80-9803-70E783FA078B}
		{4DB73ACE-2D47-4A6C-8213-2BE191DD921F} = {47A78D3D-CB69-4D80-9803-70E783FA078B}
		{78B079BD-9FC7-4B9E-B4A6-96DA0F00248B} = {47A78D3D-CB69-4D80-9803-70E783FA078B}
		{D5D49128-2510-4A14-9A0F-9F8F0ABAD700} = {673092C8-60DF-4D9A-9BF2-FDBF4A72906E}
		{2C92625C-113C-4C9A-A3A3-CB74589D04BC} = {673092C8-60DF-4D9A-9BF2-FDBF4A72906E}
		{3176CA4F-5051-4010-836A-E2A6CABE6FC8} = {F746E934-D8CF-4025-9DE4-1907EC04881B}
		{AD0BA725-9F6F-474E-ADB0-1F506B1CD394} = {F2EE5DA5-160E-46A3-93C2-3752D04B5A29}
	EndGlobalSection
EndGlobal
